
Microsoft Visual Studio Solution File, Format Version 12.00
# Visual Studio Version 16
VisualStudioVersion = 16.0.31515.178
MinimumVisualStudioVersion = 10.0.40219.1
Project("{2150E333-8FDC-42A3-9474-1A3956D46DE8}") = "00. Documentations", "00. Documentations", "{489BF926-AFDA-43A4-9969-C1CAD557A922}"
	ProjectSection(SolutionItems) = preProject
		.gitignore = .gitignore
		LICENSE = LICENSE
		Readme.md = Readme.md
	EndProjectSection
EndProject
Project("{2150E333-8FDC-42A3-9474-1A3956D46DE8}") = "01. Source Codes", "01. Source Codes", "{B906B971-D977-4702-AA58-9D7420EBB24D}"
EndProject
Project("{9A19103F-16F7-4668-BE54-9A1E7A4F7556}") = "Ahri", "src\Ahri\Ahri.csproj", "{CC19B0D6-8776-4527-934F-1A3B420FA04A}"
EndProject
Project("{9A19103F-16F7-4668-BE54-9A1E7A4F7556}") = "Ahri.Hosting", "src\Ahri.Hosting\Ahri.Hosting.csproj", "{EBA72460-F7DE-4EFE-8EDB-CDDDF3FC2D4E}"
EndProject
Project("{9A19103F-16F7-4668-BE54-9A1E7A4F7556}") = "Ahri.Hosting.Winform", "src\Ahri.Hosting.Winform\Ahri.Hosting.Winform.csproj", "{DE8328BA-A849-4C57-B246-926E1A2628EF}"
EndProject
Project("{2150E333-8FDC-42A3-9474-1A3956D46DE8}") = "99. Examples", "99. Examples", "{E1E01259-D0B8-4BAC-90F9-9FDAD4E845BC}"
EndProject
Project("{9A19103F-16F7-4668-BE54-9A1E7A4F7556}") = "Ahri.Examples.Hosting.WinForm", "examples\Ahri.Examples.Hosting.WinForm\Ahri.Examples.Hosting.WinForm.csproj", "{6D2CC63E-FCA1-455F-8F8F-6BCB7FE34F2C}"
EndProject
Project("{9A19103F-16F7-4668-BE54-9A1E7A4F7556}") = "Ahri.Hosting.Windows", "src\Ahri.Hosting.Windows\Ahri.Hosting.Windows.csproj", "{5F13EA4F-3ABA-42DF-B9F5-F891AF2B7DE6}"
EndProject
Project("{9A19103F-16F7-4668-BE54-9A1E7A4F7556}") = "Ahri.Networks", "src\Ahri.Networks\Ahri.Networks.csproj", "{B44BDED1-E8A9-4DF1-B619-DD80E3AE8E97}"
EndProject
Project("{9A19103F-16F7-4668-BE54-9A1E7A4F7556}") = "Ahri.Examples.Networks.Http", "examples\Ahri.Examples.Networks.Http\Ahri.Examples.Networks.Http.csproj", "{0FB2185E-5A8E-49D5-95F1-B5D7D29022A8}"
EndProject
Project("{9A19103F-16F7-4668-BE54-9A1E7A4F7556}") = "Ahri.Logging", "src\Ahri.Logging\Ahri.Logging.csproj", "{6E20B7FF-098C-41FB-B344-38211C5D45F3}"
EndProject
Project("{9A19103F-16F7-4668-BE54-9A1E7A4F7556}") = "Ahri.Http", "src\Ahri.Http\Ahri.Http.csproj", "{A131DCB1-2BC8-4A73-B43E-FD152C6B3D7E}"
EndProject
Project("{9A19103F-16F7-4668-BE54-9A1E7A4F7556}") = "Ahri.Http.Core", "src\Ahri.Http.Core\Ahri.Http.Core.csproj", "{010D2C18-A6AF-4419-9DF2-711F72D9101C}"
EndProject
Project("{FAE04EC0-301F-11D3-BF4B-00C04F79EFBC}") = "Ahri.Examples.Http.Hosting", "examples\Ahri.Examples.Http.Hosting\Ahri.Examples.Http.Hosting.csproj", "{A8623E66-BFD3-4F8C-9AB3-B9B8473D5C82}"
EndProject
Global
	GlobalSection(SolutionConfigurationPlatforms) = preSolution
		Debug|Any CPU = Debug|Any CPU
		Release|Any CPU = Release|Any CPU
	EndGlobalSection
	GlobalSection(ProjectConfigurationPlatforms) = postSolution
		{CC19B0D6-8776-4527-934F-1A3B420FA04A}.Debug|Any CPU.ActiveCfg = Debug|Any CPU
		{CC19B0D6-8776-4527-934F-1A3B420FA04A}.Debug|Any CPU.Build.0 = Debug|Any CPU
		{CC19B0D6-8776-4527-934F-1A3B420FA04A}.Release|Any CPU.ActiveCfg = Release|Any CPU
		{CC19B0D6-8776-4527-934F-1A3B420FA04A}.Release|Any CPU.Build.0 = Release|Any CPU
		{EBA72460-F7DE-4EFE-8EDB-CDDDF3FC2D4E}.Debug|Any CPU.ActiveCfg = Debug|Any CPU
		{EBA72460-F7DE-4EFE-8EDB-CDDDF3FC2D4E}.Debug|Any CPU.Build.0 = Debug|Any CPU
		{EBA72460-F7DE-4EFE-8EDB-CDDDF3FC2D4E}.Release|Any CPU.ActiveCfg = Release|Any CPU
		{EBA72460-F7DE-4EFE-8EDB-CDDDF3FC2D4E}.Release|Any CPU.Build.0 = Release|Any CPU
		{DE8328BA-A849-4C57-B246-926E1A2628EF}.Debug|Any CPU.ActiveCfg = Debug|Any CPU
		{DE8328BA-A849-4C57-B246-926E1A2628EF}.Debug|Any CPU.Build.0 = Debug|Any CPU
		{DE8328BA-A849-4C57-B246-926E1A2628EF}.Release|Any CPU.ActiveCfg = Release|Any CPU
		{DE8328BA-A849-4C57-B246-926E1A2628EF}.Release|Any CPU.Build.0 = Release|Any CPU
		{6D2CC63E-FCA1-455F-8F8F-6BCB7FE34F2C}.Debug|Any CPU.ActiveCfg = Debug|Any CPU
		{6D2CC63E-FCA1-455F-8F8F-6BCB7FE34F2C}.Debug|Any CPU.Build.0 = Debug|Any CPU
		{6D2CC63E-FCA1-455F-8F8F-6BCB7FE34F2C}.Release|Any CPU.ActiveCfg = Release|Any CPU
		{6D2CC63E-FCA1-455F-8F8F-6BCB7FE34F2C}.Release|Any CPU.Build.0 = Release|Any CPU
		{5F13EA4F-3ABA-42DF-B9F5-F891AF2B7DE6}.Debug|Any CPU.ActiveCfg = Debug|Any CPU
		{5F13EA4F-3ABA-42DF-B9F5-F891AF2B7DE6}.Debug|Any CPU.Build.0 = Debug|Any CPU
		{5F13EA4F-3ABA-42DF-B9F5-F891AF2B7DE6}.Release|Any CPU.ActiveCfg = Release|Any CPU
		{5F13EA4F-3ABA-42DF-B9F5-F891AF2B7DE6}.Release|Any CPU.Build.0 = Release|Any CPU
		{B44BDED1-E8A9-4DF1-B619-DD80E3AE8E97}.Debug|Any CPU.ActiveCfg = Debug|Any CPU
		{B44BDED1-E8A9-4DF1-B619-DD80E3AE8E97}.Debug|Any CPU.Build.0 = Debug|Any CPU
		{B44BDED1-E8A9-4DF1-B619-DD80E3AE8E97}.Release|Any CPU.ActiveCfg = Release|Any CPU
		{B44BDED1-E8A9-4DF1-B619-DD80E3AE8E97}.Release|Any CPU.Build.0 = Release|Any CPU
		{0FB2185E-5A8E-49D5-95F1-B5D7D29022A8}.Debug|Any CPU.ActiveCfg = Debug|Any CPU
		{0FB2185E-5A8E-49D5-95F1-B5D7D29022A8}.Debug|Any CPU.Build.0 = Debug|Any CPU
		{0FB2185E-5A8E-49D5-95F1-B5D7D29022A8}.Release|Any CPU.ActiveCfg = Release|Any CPU
		{0FB2185E-5A8E-49D5-95F1-B5D7D29022A8}.Release|Any CPU.Build.0 = Release|Any CPU
		{6E20B7FF-098C-41FB-B344-38211C5D45F3}.Debug|Any CPU.ActiveCfg = Debug|Any CPU
		{6E20B7FF-098C-41FB-B344-38211C5D45F3}.Debug|Any CPU.Build.0 = Debug|Any CPU
		{6E20B7FF-098C-41FB-B344-38211C5D45F3}.Release|Any CPU.ActiveCfg = Release|Any CPU
		{6E20B7FF-098C-41FB-B344-38211C5D45F3}.Release|Any CPU.Build.0 = Release|Any CPU
		{A131DCB1-2BC8-4A73-B43E-FD152C6B3D7E}.Debug|Any CPU.ActiveCfg = Debug|Any CPU
		{A131DCB1-2BC8-4A73-B43E-FD152C6B3D7E}.Debug|Any CPU.Build.0 = Debug|Any CPU
		{A131DCB1-2BC8-4A73-B43E-FD152C6B3D7E}.Release|Any CPU.ActiveCfg = Release|Any CPU
		{A131DCB1-2BC8-4A73-B43E-FD152C6B3D7E}.Release|Any CPU.Build.0 = Release|Any CPU
		{010D2C18-A6AF-4419-9DF2-711F72D9101C}.Debug|Any CPU.ActiveCfg = Debug|Any CPU
		{010D2C18-A6AF-4419-9DF2-711F72D9101C}.Debug|Any CPU.Build.0 = Debug|Any CPU
		{010D2C18-A6AF-4419-9DF2-711F72D9101C}.Release|Any CPU.ActiveCfg = Release|Any CPU
		{010D2C18-A6AF-4419-9DF2-711F72D9101C}.Release|Any CPU.Build.0 = Release|Any CPU
		{A8623E66-BFD3-4F8C-9AB3-B9B8473D5C82}.Debug|Any CPU.ActiveCfg = Debug|Any CPU
		{A8623E66-BFD3-4F8C-9AB3-B9B8473D5C82}.Debug|Any CPU.Build.0 = Debug|Any CPU
		{A8623E66-BFD3-4F8C-9AB3-B9B8473D5C82}.Release|Any CPU.ActiveCfg = Release|Any CPU
		{A8623E66-BFD3-4F8C-9AB3-B9B8473D5C82}.Release|Any CPU.Build.0 = Release|Any CPU
	EndGlobalSection
	GlobalSection(SolutionProperties) = preSolution
		HideSolutionNode = FALSE
	EndGlobalSection
	GlobalSection(NestedProjects) = preSolution
		{CC19B0D6-8776-4527-934F-1A3B420FA04A} = {B906B971-D977-4702-AA58-9D7420EBB24D}
		{EBA72460-F7DE-4EFE-8EDB-CDDDF3FC2D4E} = {B906B971-D977-4702-AA58-9D7420EBB24D}
		{DE8328BA-A849-4C57-B246-926E1A2628EF} = {B906B971-D977-4702-AA58-9D7420EBB24D}
		{6D2CC63E-FCA1-455F-8F8F-6BCB7FE34F2C} = {E1E01259-D0B8-4BAC-90F9-9FDAD4E845BC}
		{5F13EA4F-3ABA-42DF-B9F5-F891AF2B7DE6} = {B906B971-D977-4702-AA58-9D7420EBB24D}
		{B44BDED1-E8A9-4DF1-B619-DD80E3AE8E97} = {B906B971-D977-4702-AA58-9D7420EBB24D}
		{0FB2185E-5A8E-49D5-95F1-B5D7D29022A8} = {E1E01259-D0B8-4BAC-90F9-9FDAD4E845BC}
		{6E20B7FF-098C-41FB-B344-38211C5D45F3} = {B906B971-D977-4702-AA58-9D7420EBB24D}
		{A131DCB1-2BC8-4A73-B43E-FD152C6B3D7E} = {B906B971-D977-4702-AA58-9D7420EBB24D}
		{010D2C18-A6AF-4419-9DF2-711F72D9101C} = {B906B971-D977-4702-AA58-9D7420EBB24D}
		{A8623E66-BFD3-4F8C-9AB3-B9B8473D5C82} = {E1E01259-D0B8-4BAC-90F9-9FDAD4E845BC}
	EndGlobalSection
	GlobalSection(ExtensibilityGlobals) = postSolution
		SolutionGuid = {3DA3874F-0347-4709-B1AB-29D6FD160DA6}
	EndGlobalSection
EndGlobal
